# This file is autogenerated, do not edit; changes may be undone by the next 'dep ensure'.


[[projects]]
  digest = "1:1a4463b400230c46b19676d74552bf24dfddc5287c0e4f3d86bcfec07ad3e666"
  name = "github.com/gojektech/heimdall"
  packages = [
    ".",
    "httpclient",
  ]
  pruneopts = "UT"
  revision = "d96502fee6ce808d44580bd44f1a168fa633bd66"
  version = "v5.0.2"

[[projects]]
  digest = "1:4f9da36d750deeff2ed82b44b15245337d1a2f1bf8a671c80f97059d7ce8517d"
  name = "github.com/gojektech/valkyrie"
  packages = ["."]
  pruneopts = "UT"
  revision = "6aee720afcdffc337029305c126e0079491063f0"
  version = "v1.0"

[[projects]]
  digest = "1:cf31692c14422fa27c83a05292eb5cbe0fb2775972e8f1f8446a71549bd8980b"
  name = "github.com/pkg/errors"
  packages = ["."]
  pruneopts = "UT"
  revision = "ba968bfe8b2f7e042a574c888954fccecfa385b4"
  version = "v0.8.1"

[[projects]]
  branch = "master"
  digest = "1:5ca236e4ecfeb92a57b7a4c7f139023384e7f726640f61b17820473cc82dfb77"
  name = "github.com/streadway/amqp"
  packages = ["."]
  pruneopts = "UT"
  revision = "1c71cc93ed716f9a6f4c2ae8955c25f9176d9f19"

[solve-meta]
  analyzer-name = "dep"
  analyzer-version = 1
  input-imports = [
    "github.com/gojektech/heimdall/httpclient",
    "github.com/streadway/amqp",
  ]
  solver-name = "gps-cdcl"
  solver-version = 1
